github.com/dsnet/compress v0.0.1 h1:PlZu0n3Tuv04TzpfPbrnI0HW/YwodEXDS+oPKahKF0Q=
github.com/dsnet/compress v0.0.1/go.mod h1:Aw8dCMJ7RioblQeTqt88akK31OvO8Dhf5JflhBbQEHo=
github.com/dsnet/golib v0.0.0-20171103203638-1ea166775780/go.mod h1:Lj+Z9rebOhdfkVLjJ8T6VcRQv3SXugXy999NBtR9aFY=
github.com/elastic/go-elasticsearch v0.0.0 h1:Pd5fqOuBxKxv83b0+xOAJDAkziWYwFinWnBO0y+TZaA=
github.com/elastic/go-elasticsearch/v7 v7.5.0 h1:kXW+EKls2BwsyQujTmVrxANb3U0qoz9wEq8Zkf/JEco=
github.com/elastic/go-elasticsearch/v7 v7.5.0/go.mod h1:OJ4wdbtDNk5g503kvlHLyErCgQwwzmDtaFC4XyOxXA4=
github.com/elastic/go-elasticsearch/v7 v7.5.1-0.20200126095918-3dc5ce76b869 h1:2o1LF/quazVU6jANDKVe5TijWte8ywa/HCE0fZq14o0=
github.com/elastic/go-elasticsearch/v7 v7.5.1-0.20200126095918-3dc5ce76b869/go.mod h1:OJ4wdbtDNk5g503kvlHLyErCgQwwzmDtaFC4XyOxXA4=
github.com/golang/snappy v0.0.1 h1:Qgr9rKW7uDUkrbSmQeiDsGa8SjGyCOGtuasMWwvp2P4=
github.com/golang/snappy v0.0.1/go.mod h1:/XxbfmMg8lxefKM7IXC3fBNl/7bRcc72aCRzEWrmP2Q=
github.com/gomorpheus/morpheus-fling v2.0.1+incompatible h1:7kDKznnCfBFU1einQEiNeW7ldd9aQOaBDjaEHHC+M94=
github.com/gomorpheus/morpheus-fling/elasticIng v0.0.0-20200129224322-b6fef043f7ba h1:D9BR5GO7CphLTPVO9kulj8522/R9soZP69An/aEhauA=
github.com/gomorpheus/morpheus-fling/elasticIng v0.0.0-20200129224322-b6fef043f7ba/go.mod h1:HOB+TtEZKSz0JxZwajLIi+yNPv+bpr64HpUsnKsUM8E=
github.com/gomorpheus/morpheus-fling/elasticIng v0.0.0-20200129224524-e9465c33574b h1:vBdIwYktbATrMOMWnd28zbQeBUOzhXunsKItKtZeOrM=
github.com/gomorpheus/morpheus-fling/elasticIng v0.0.0-20200129224524-e9465c33574b/go.mod h1:HOB+TtEZKSz0JxZwajLIi+yNPv+bpr64HpUsnKsUM8E=
github.com/gomorpheus/morpheus-fling/elasticIng v0.0.0-20200130183910-18815573af65 h1:HJRdg+0ewI4BZ87O4WkUxp1AuuAan4RwYQGpua4TLqI=
github.com/gomorpheus/morpheus-fling/elasticIng v0.0.0-20200130183910-18815573af65/go.mod h1:HOB+TtEZKSz0JxZwajLIi+yNPv+bpr64HpUsnKsUM8E=
github.com/gomorpheus/morpheus-fling/elasticIng v0.0.0-20200130185538-99e5e39c6c49 h1:f+EUphHEJkDVOMYZtBCnTbSVGOnmB7f/rRauJpm8VOo=
github.com/gomorpheus/morpheus-fling/elasticIng v0.0.0-20200130185538-99e5e39c6c49/go.mod h1:HOB+TtEZKSz0JxZwajLIi+yNPv+bpr64HpUsnKsUM8E=
github.com/gomorpheus/morpheus-fling/elasticIng v0.0.0-20200130185655-801619f9097f h1:Yxs0na0eM15nECqeUTqJX8sYcIRlvY6gY6lavc7TzG0=
github.com/gomorpheus/morpheus-fling/elasticIng v0.0.0-20200130185655-801619f9097f/go.mod h1:HOB+TtEZKSz0JxZwajLIi+yNPv+bpr64HpUsnKsUM8E=
github.com/gomorpheus/morpheus-fling/elasticIng v0.0.0-20200130191735-a7b4bf60aeab h1:T28tID7DDQNIhV1VcXlAYYdAObJYCeubOaxwQvlUE18=
github.com/gomorpheus/morpheus-fling/elasticIng v0.0.0-20200130191735-a7b4bf60aeab/go.mod h1:HOB+TtEZKSz0JxZwajLIi+yNPv+bpr64HpUsnKsUM8E=
github.com/gomorpheus/morpheus-fling/elasticIng v0.0.0-20200130192501-e6c95a6b0c26 h1:5Z4haXouWQq4mCSROyVZOe7n+Zvg33CFdJ4qnpfGL4s=
github.com/gomorpheus/morpheus-fling/elasticIng v0.0.0-20200130192501-e6c95a6b0c26/go.mod h1:HOB+TtEZKSz0JxZwajLIi+yNPv+bpr64HpUsnKsUM8E=
github.com/gomorpheus/morpheus-fling/elasticIng v0.0.0-20200130192621-c1528fb54bde h1:6i4i4EDBiBECqfZX+vEvlEkyToxaVmXN5NLEN/Q42IU=
github.com/gomorpheus/morpheus-fling/elasticIng v0.0.0-20200130192621-c1528fb54bde/go.mod h1:HOB+TtEZKSz0JxZwajLIi+yNPv+bpr64HpUsnKsUM8E=
github.com/gomorpheus/morpheus-fling/elasticIng v0.0.0-20200130213235-0cc6b797347d h1:g+aW7eJKpY/LhrDzv2YMJmDSYRs0/i//4V6dv/XCAio=
github.com/gomorpheus/morpheus-fling/elasticIng v0.0.0-20200130213235-0cc6b797347d/go.mod h1:HOB+TtEZKSz0JxZwajLIi+yNPv+bpr64HpUsnKsUM8E=
github.com/gomorpheus/morpheus-fling/elasticIng v0.0.0-20200130213344-c7def52a1c1b h1:ylDgQ4LhOW3POoYrh2mds56OIb0Ne+2eeuzCPBsLxc0=
github.com/gomorpheus/morpheus-fling/elasticIng v0.0.0-20200130213344-c7def52a1c1b/go.mod h1:HOB+TtEZKSz0JxZwajLIi+yNPv+bpr64HpUsnKsUM8E=
github.com/gomorpheus/morpheus-fling/elasticIng v0.0.0-20200131033541-c8ba8ff22d43 h1:TrTEaNhX/I8vY2Wk5rXeq2PXXBA8l5cwn3HT2MSSe+k=
github.com/gomorpheus/morpheus-fling/elasticIng v0.0.0-20200131033541-c8ba8ff22d43/go.mod h1:HOB+TtEZKSz0JxZwajLIi+yNPv+bpr64HpUsnKsUM8E=
github.com/gomorpheus/morpheus-fling/elasticIng v0.0.0-20200131033800-5a812d8adc03 h1:RwwLhnK2ixoi64FZLxR73YN5tYDZGOHlVmrtu249lBQ=
github.com/gomorpheus/morpheus-fling/elasticIng v0.0.0-20200131033800-5a812d8adc03/go.mod h1:46Ct676eCGfTCBrKOSYCcioQySZbitQD20nIxQhcOBk=
github.com/gomorpheus/morpheus-fling/elasticIng v0.0.0-20200131232423-a2e7c97bd6be h1:s98xwflJ6lZP9AOopfxOC55rtRUvNY5rW+DycNOVQ5k=
github.com/gomorpheus/morpheus-fling/elasticIng v0.0.0-20200131232423-a2e7c97bd6be/go.mod h1:46Ct676eCGfTCBrKOSYCcioQySZbitQD20nIxQhcOBk=
github.com/gomorpheus/morpheus-fling/elasticIng v0.0.0-20200131232527-c9b1f804f302 h1:Rl9F1xhwRurhyt46MpgDdiVToZYyuQXAsUjx9sjysqc=
github.com/gomorpheus/morpheus-fling/elasticIng v0.0.0-20200131232527-c9b1f804f302/go.mod h1:46Ct676eCGfTCBrKOSYCcioQySZbitQD20nIxQhcOBk=
github.com/gomorpheus/morpheus-fling/elasticIng v0.0.0-20200202193836-214d5f21277e h1:G9ANTRPUXDmYXFfn/ndMeff1tZ0VWjFCiDJ47ikh7p8=
github.com/gomorpheus/morpheus-fling/elasticIng v0.0.0-20200202193836-214d5f21277e/go.mod h1:46Ct676eCGfTCBrKOSYCcioQySZbitQD20nIxQhcOBk=
github.com/gomorpheus/morpheus-fling/elasticIng v0.0.0-20200202194130-e9f79ee756ff h1:WuckG4JuwoA1MGsC1C3F6MGUrBxrTHpy28jauWtOzNo=
github.com/gomorpheus/morpheus-fling/elasticIng v0.0.0-20200202194130-e9f79ee756ff/go.mod h1:46Ct676eCGfTCBrKOSYCcioQySZbitQD20nIxQhcOBk=
github.com/gomorpheus/morpheus-fling/elasticIng v0.0.0-20200202194406-70554c8c7384 h1:O3C63SEhkWInrDZPhW+RnE/rta+med8a/EGMu6hIfcQ=
github.com/gomorpheus/morpheus-fling/elasticIng v0.0.0-20200202194406-70554c8c7384/go.mod h1:46Ct676eCGfTCBrKOSYCcioQySZbitQD20nIxQhcOBk=
github.com/gomorpheus/morpheus-fling/encryptText v0.0.0-20200210152225-bc530dcf5ca4 h1:mXiiYqb8g1UwlqzKGNSg9ROfpFGwUkwATKvmZ1QxDbs=
github.com/gomorpheus/morpheus-fling/encryptText v0.0.0-20200210152225-bc530dcf5ca4/go.mod h1:aRqX9uGxyq7Bht1LKdi7T9U1U+QpkD3YLTM7v58cArk=
github.com/gomorpheus/morpheus-fling/encryptText v0.0.0-20200218155506-c45154273eb5 h1:hhlbMF/vAU2RlZdE8NaOPKtGainU6SZB75KpXIdavpA=
github.com/gomorpheus/morpheus-fling/encryptText v0.0.0-20200218155506-c45154273eb5/go.mod h1:aRqX9uGxyq7Bht1LKdi7T9U1U+QpkD3YLTM7v58cArk=
github.com/gomorpheus/morpheus-fling/fileReader v0.0.0-20200128172445-c12e969c0776 h1:J8EVWLkO3I4Z+SiyOsupxYHTIylgtjLOUn2VGUSPwtw=
github.com/gomorpheus/morpheus-fling/fileReader v0.0.0-20200128172445-c12e969c0776/go.mod h1:L5lxd4wqcmpVb1x9n0LdJdBw4wpCrzx1Yrj3BJ5DugU=
github.com/gomorpheus/morpheus-fling/portScanner v0.0.0-20200128172445-c12e969c0776 h1:WbNxXPhb0+79VrKnhpIQ4unCt7qlf1tazPfldJbXZfs=
github.com/gomorpheus/morpheus-fling/portScanner v0.0.0-20200128172445-c12e969c0776/go.mod h1:wM24tRwd7RfKJ6uAUEeqLB0v5RTusNFUng+n0fd12NI=
github.com/gomorpheus/morpheus-fling/rabbitIng v0.0.0-20200305213641-5fa1e113e717 h1:4Jes49ZdXYB6JhnI/OkHwCRecYSwmGVuaY8HXu0YtF0=
github.com/gomorpheus/morpheus-fling/rabbitIng v0.0.0-20200305213641-5fa1e113e717/go.mod h1:UsysJLulGQafJcl0LxW7nWiWWADGmBGeYkhcUY7436k=
github.com/gomorpheus/morpheus-fling/rabbitIng v0.0.0-20200306213123-ab47c9e4fb49 h1:bRWfl4BzO9KogQfXJiYiDK0bF/ssK8RpDbjDxJgEfTQ=
github.com/gomorpheus/morpheus-fling/rabbitIng v0.0.0-20200306213123-ab47c9e4fb49/go.mod h1:UsysJLulGQafJcl0LxW7nWiWWADGmBGeYkhcUY7436k=
github.com/gomorpheus/morpheus-fling/rabbitIng v0.0.0-20200307000005-478120df87f9 h1:nOIgKJ4B11LOWPQ7echSkT7OElDzus6t8fcsIFOSKT0=
github.com/gomorpheus/morpheus-fling/rabbitIng v0.0.0-20200307000005-478120df87f9/go.mod h1:UsysJLulGQafJcl0LxW7nWiWWADGmBGeYkhcUY7436k=
github.com/gomorpheus/morpheus-fling/secParse v0.0.0-20200307000005-478120df87f9 h1:GdU/bLKKtcc2BW3nXVRI9zC+T4QRnM9vS0D1+Lc8c+Y=
github.com/gomorpheus/morpheus-fling/secParse v0.0.0-20200307000005-478120df87f9/go.mod h1:BWrWj3CW4Z7jEAO+P31SEWwFkY4b1bmyC3ioUqQpIUM=
github.com/gomorpheus/morpheus-fling/sysGatherer v0.0.0-20200128172445-c12e969c0776 h1:q22haySSjqnxDW43vjBjrtZlZYRNs8+3HusG18duE2k=
github.com/gomorpheus/morpheus-fling/sysGatherer v0.0.0-20200128172445-c12e969c0776/go.mod h1:x6pcmnNUBaSRv7MMgPMRUQfdBXz8kl7QNxAcSK+Jyto=
github.com/gomorpheus/morpheus-fling/sysGatherer v0.0.0-20200220025947-74ac8bf99840 h1:z8hEsCNriYK0mUzNT09i09rvq277GsmTVfgO9ROE22A=
github.com/gomorpheus/morpheus-fling/sysGatherer v0.0.0-20200220025947-74ac8bf99840/go.mod h1:x6pcmnNUBaSRv7MMgPMRUQfdBXz8kl7QNxAcSK+Jyto=
github.com/klauspost/compress v1.4.1/go.mod h1:RyIbtBH6LamlWaDj8nUwkbUhJ87Yi3uG0guNDohfE1A=
github.com/klauspost/cpuid v1.2.0/go.mod h1:Pj4uuM528wm8OyEC2QMXAi2YiTZ96dNQPGgoMS4s3ek=
github.com/mholt/archiver v3.1.1+incompatible h1:1dCVxuqs0dJseYEhi5pl7MYPH9zDa1wBi7mF09cbNkU=
github.com/mholt/archiver v3.1.1+incompatible/go.mod h1:Dh2dOXnSdiLxRiPoVfIr/fI1TwETms9B8CTWfeh7ROU=
github.com/mitchellh/mapstructure v1.1.2 h1:fmNYVwqnSfB9mZU6OS2O6GsXM+wcskZDuKQzvN1EDeE=
github.com/mitchellh/mapstructure v1.1.2/go.mod h1:FVVH3fgwuzCH5S8UJGiWEs2h04kUh9fWfEaFds41c1Y=
github.com/nwaples/rardecode v1.0.0 h1:r7vGuS5akxOnR4JQSkko62RJ1ReCMXxQRPtxsiFMBOs=
github.com/nwaples/rardecode v1.0.0/go.mod h1:5DzqNKiOdpKKBH87u8VlvAnPZMXcGRhxWkRpHbbfGS0=
github.com/pierrec/lz4 v2.4.1+incompatible h1:mFe7ttWaflA46Mhqh+jUfjp2qTbPYxLB2/OyBppH9dg=
github.com/pierrec/lz4 v2.4.1+incompatible/go.mod h1:pdkljMzZIN41W+lC3N2tnIh5sFi+IEE17M5jbnwPHcY=
github.com/ulikunitz/xz v0.5.6 h1:jGHAfXawEGZQ3blwU5wnWKQJvAraT7Ftq9EXjnXYgt8=
github.com/ulikunitz/xz v0.5.6/go.mod h1:2bypXElzHzzJZwzH67Y6wb67pO62Rzfn7BSiF4ABRW8=
github.com/xi2/xz v0.0.0-20171230120015-48954b6210f8 h1:nIPpBwaJSVYIxUFsDv3M8ofmx9yWTog9BfvIu0q41lo=
github.com/xi2/xz v0.0.0-20171230120015-48954b6210f8/go.mod h1:HUYIGzjTL3rfEspMxjDjgmT5uz5wzYJKVo23qUhYTos=
github.com/zcalusic/sysinfo v0.0.0-20200109185024-6491b6eabd49 h1:jXlIPjyvU5f7UMtEMSKWLd/Td2gqNOhukOyxVQ+x7ls=
github.com/zcalusic/sysinfo v0.0.0-20200109185024-6491b6eabd49/go.mod h1:WGLNaWsjKQ2gXmAHh+MQztgu3FLFAnOFJjFzhpgShCY=
golang.org/x/sync v0.0.0-20190911185100-cd5d95a43a6e h1:vcxGaoTs7kV8m5Np9uUNQin4BrLOthgV7252N8V+FwY=
golang.org/x/sync v0.0.0-20190911185100-cd5d95a43a6e/go.mod h1:RxMgew5VJxzue5/jJTE5uejpjVlOe/izrB70Jof72aM=
