github.com/creack/pty v1.1.9/go.mod h1:oKZEueFk5CKHvIhNR5MUki03XCEU+Q6VDXinZuGJ33E=
github.com/dsnet/compress v0.0.1 h1:PlZu0n3Tuv04TzpfPbrnI0HW/YwodEXDS+oPKahKF0Q=
github.com/dsnet/compress v0.0.1/go.mod h1:Aw8dCMJ7RioblQeTqt88akK31OvO8Dhf5JflhBbQEHo=
github.com/dsnet/golib v0.0.0-20171103203638-1ea166775780/go.mod h1:Lj+Z9rebOhdfkVLjJ8T6VcRQv3SXugXy999NBtR9aFY=
github.com/elastic/go-elasticsearch/v7 v7.5.1-0.20200126095918-3dc5ce76b869 h1:2o1LF/quazVU6jANDKVe5TijWte8ywa/HCE0fZq14o0=
github.com/elastic/go-elasticsearch/v7 v7.5.1-0.20200126095918-3dc5ce76b869/go.mod h1:OJ4wdbtDNk5g503kvlHLyErCgQwwzmDtaFC4XyOxXA4=
github.com/frankban/quicktest v1.14.4 h1:g2rn0vABPOOXmZUj+vbmUp0lPoXEMuhTpIluN0XL9UY=
github.com/frankban/quicktest v1.14.4/go.mod h1:4ptaffx2x8+WTWXmUCuVU6aPUX1/Mz7zb5vbUoiM6w0=
github.com/golang/snappy v0.0.4 h1:yAGX7huGHXlcLOEtBnF4w7FQwA26wojNCwOYAEhLjQM=
github.com/golang/snappy v0.0.4/go.mod h1:/XxbfmMg8lxefKM7IXC3fBNl/7bRcc72aCRzEWrmP2Q=
github.com/gomorpheus/morpheus-fling/elasticIng v0.0.0-20200430142930-d7b7555e7ad0 h1:WH0QXo4I+mfzd0dM+PtBJLvc7npKbZdcHJI0rX2lKE0=
github.com/gomorpheus/morpheus-fling/elasticIng v0.0.0-20200430142930-d7b7555e7ad0/go.mod h1:46Ct676eCGfTCBrKOSYCcioQySZbitQD20nIxQhcOBk=
github.com/gomorpheus/morpheus-fling/encryptText v0.0.0-20200430142930-d7b7555e7ad0 h1:DZsr3FZ1B5XPbax405Vrbdm03llwLNwO2J8yW4odwnk=
github.com/gomorpheus/morpheus-fling/encryptText v0.0.0-20200430142930-d7b7555e7ad0/go.mod h1:aRqX9uGxyq7Bht1LKdi7T9U1U+QpkD3YLTM7v58cArk=
github.com/gomorpheus/morpheus-fling/fileReader v0.0.0-20200430142930-d7b7555e7ad0 h1:fmQO4Iogrum0gzmCbWIh+6IdtYwvlHnLzGVhncIKubE=
github.com/gomorpheus/morpheus-fling/fileReader v0.0.0-20200430142930-d7b7555e7ad0/go.mod h1:vST8Ipw6SRFYxBsqbb2Xo4hTcidl1SSzAmK3Ks6NLso=
github.com/gomorpheus/morpheus-fling/portScanner v0.0.0-20200218155506-c45154273eb5/go.mod h1:wM24tRwd7RfKJ6uAUEeqLB0v5RTusNFUng+n0fd12NI=
github.com/gomorpheus/morpheus-fling/portScanner v0.0.0-20200430142930-d7b7555e7ad0 h1:jAFmZb5SAnFlPpyqpjMgEcZl/nJHchKBipyxedI44n4=
github.com/gomorpheus/morpheus-fling/portScanner v0.0.0-20200430142930-d7b7555e7ad0/go.mod h1:wM24tRwd7RfKJ6uAUEeqLB0v5RTusNFUng+n0fd12NI=
github.com/gomorpheus/morpheus-fling/rabbitIng v0.0.0-20200430142930-d7b7555e7ad0 h1:p8mf+b6t5kgz5DeJipUK5C+GCJEggZVx49YP+LllVJ4=
github.com/gomorpheus/morpheus-fling/rabbitIng v0.0.0-20200430142930-d7b7555e7ad0/go.mod h1:UsysJLulGQafJcl0LxW7nWiWWADGmBGeYkhcUY7436k=
github.com/gomorpheus/morpheus-fling/secParse v0.0.0-20200430142930-d7b7555e7ad0 h1:DQvoIiIfNhzoQzY17MhdFqLDRiJ7/rVyalAgWcF2jd4=
github.com/gomorpheus/morpheus-fling/secParse v0.0.0-20200430142930-d7b7555e7ad0/go.mod h1:BWrWj3CW4Z7jEAO+P31SEWwFkY4b1bmyC3ioUqQpIUM=
github.com/gomorpheus/morpheus-fling/sysGatherer v0.0.0-20200430142930-d7b7555e7ad0 h1:c2ASpm/fVi8aemRevNVKr3s6D12O4ei0VM6u2RVw5Wc=
github.com/gomorpheus/morpheus-fling/sysGatherer v0.0.0-20200430142930-d7b7555e7ad0/go.mod h1:x6pcmnNUBaSRv7MMgPMRUQfdBXz8kl7QNxAcSK+Jyto=
github.com/google/go-cmp v0.5.9 h1:O2Tfq5qg4qc4AmwVlvv0oLiVAGB7enBSJ2x2DqQFi38=
github.com/google/go-cmp v0.5.9/go.mod h1:17dUlkBOakJ0+DkrSSNjCkIjxS6bF9zb3elmeNGIjoY=
github.com/klauspost/compress v1.4.1/go.mod h1:RyIbtBH6LamlWaDj8nUwkbUhJ87Yi3uG0guNDohfE1A=
github.com/klauspost/cpuid v1.2.0/go.mod h1:Pj4uuM528wm8OyEC2QMXAi2YiTZ96dNQPGgoMS4s3ek=
github.com/kr/pretty v0.3.1 h1:flRD4NNwYAUpkphVc1HcthR4KEIFJ65n8Mw5qdRn3LE=
github.com/kr/pretty v0.3.1/go.mod h1:hoEshYVHaxMs3cyo3Yncou5ZscifuDolrwPKZanG3xk=
github.com/kr/text v0.2.0 h1:5Nx0Ya0ZqY2ygV366QzturHI13Jq95ApcVaJBhpS+AY=
github.com/kr/text v0.2.0/go.mod h1:eLer722TekiGuMkidMxC/pM04lWEeraHUUmBw8l2grE=
github.com/mholt/archiver v3.1.1+incompatible h1:1dCVxuqs0dJseYEhi5pl7MYPH9zDa1wBi7mF09cbNkU=
github.com/mholt/archiver v3.1.1+incompatible/go.mod h1:Dh2dOXnSdiLxRiPoVfIr/fI1TwETms9B8CTWfeh7ROU=
github.com/mitchellh/mapstructure v1.1.2 h1:fmNYVwqnSfB9mZU6OS2O6GsXM+wcskZDuKQzvN1EDeE=
github.com/mitchellh/mapstructure v1.1.2/go.mod h1:FVVH3fgwuzCH5S8UJGiWEs2h04kUh9fWfEaFds41c1Y=
github.com/nwaples/rardecode v1.1.3 h1:cWCaZwfM5H7nAD6PyEdcVnczzV8i/JtotnyW/dD9lEc=
github.com/nwaples/rardecode v1.1.3/go.mod h1:5DzqNKiOdpKKBH87u8VlvAnPZMXcGRhxWkRpHbbfGS0=
github.com/pierrec/lz4 v2.6.1+incompatible h1:9UY3+iC23yxF0UfGaYrGplQ+79Rg+h/q9FV9ix19jjM=
github.com/pierrec/lz4 v2.6.1+incompatible/go.mod h1:pdkljMzZIN41W+lC3N2tnIh5sFi+IEE17M5jbnwPHcY=
github.com/pkg/diff v0.0.0-20210226163009-20ebb0f2a09e/go.mod h1:pJLUxLENpZxwdsKMEsNbx1VGcRFpLqf3715MtcvvzbA=
github.com/rogpeppe/go-internal v1.9.0 h1:73kH8U+JUqXU8lRuOHeVHaa/SZPifC7BkcraZVejAe8=
github.com/rogpeppe/go-internal v1.9.0/go.mod h1:WtVeX8xhTBvf0smdhujwtBcq4Qrzq/fJaraNFVN+nFs=
github.com/ulikunitz/xz v0.5.6/go.mod h1:2bypXElzHzzJZwzH67Y6wb67pO62Rzfn7BSiF4ABRW8=
github.com/ulikunitz/xz v0.5.11 h1:kpFauv27b6ynzBNT/Xy+1k+fK4WswhN/6PN5WhFAGw8=
github.com/ulikunitz/xz v0.5.11/go.mod h1:nbz6k7qbPmH4IRqmfOplQw/tblSgqTqBwxkY0oWt/14=
github.com/xi2/xz v0.0.0-20171230120015-48954b6210f8 h1:nIPpBwaJSVYIxUFsDv3M8ofmx9yWTog9BfvIu0q41lo=
github.com/xi2/xz v0.0.0-20171230120015-48954b6210f8/go.mod h1:HUYIGzjTL3rfEspMxjDjgmT5uz5wzYJKVo23qUhYTos=
github.com/zcalusic/sysinfo v0.0.0-20200109185024-6491b6eabd49/go.mod h1:WGLNaWsjKQ2gXmAHh+MQztgu3FLFAnOFJjFzhpgShCY=
github.com/zcalusic/sysinfo v0.9.5 h1:ivoHyj9aIAYkwzo1+8QgJ5s4oeE6Etx9FmZtqa4wJjQ=
github.com/zcalusic/sysinfo v0.9.5/go.mod h1:Z/gPVufBrFc8X5sef3m6kkw3r3nlNFp+I6bvASfvBZQ=
golang.org/x/sync v0.0.0-20190911185100-cd5d95a43a6e h1:vcxGaoTs7kV8m5Np9uUNQin4BrLOthgV7252N8V+FwY=
golang.org/x/sync v0.0.0-20190911185100-cd5d95a43a6e/go.mod h1:RxMgew5VJxzue5/jJTE5uejpjVlOe/izrB70Jof72aM=
